
Microsoft Visual Studio Solution File, Format Version 12.00
# Visual Studio 15
VisualStudioVersion = 15.0.28307.168
MinimumVisualStudioVersion = 10.0.40219.1
Project("{FAE04EC0-301F-11D3-BF4B-00C04F79EFBC}") = "A06Tarefa.Android", "A06Tarefa\A06Tarefa.Android\A06Tarefa.Android.csproj", "{1DBC6702-6456-40A2-B069-A8C5233889B5}"
EndProject
Project("{FAE04EC0-301F-11D3-BF4B-00C04F79EFBC}") = "A06Tarefa.iOS", "A06Tarefa\A06Tarefa.iOS\A06Tarefa.iOS.csproj", "{13646884-2EE0-4DBA-B3F1-A44EE54F86B5}"
EndProject
Project("{FAE04EC0-301F-11D3-BF4B-00C04F79EFBC}") = "A06Tarefa.UWP", "A06Tarefa\A06Tarefa.UWP\A06Tarefa.UWP.csproj", "{A216AA4A-C9A1-4DF0-ACE1-24B4EBA0ECFC}"
EndProject
Project("{FAE04EC0-301F-11D3-BF4B-00C04F79EFBC}") = "A06Tarefa", "A06Tarefa\A06Tarefa\A06Tarefa.csproj", "{1A776D03-C90B-4429-A07B-1873FBE44C2C}"
EndProject
Global
	GlobalSection(SolutionConfigurationPlatforms) = preSolution
		Ad-Hoc|Any CPU = Ad-Hoc|Any CPU
		Ad-Hoc|ARM = Ad-Hoc|ARM
		Ad-Hoc|iPhone = Ad-Hoc|iPhone
		Ad-Hoc|iPhoneSimulator = Ad-Hoc|iPhoneSimulator
		Ad-Hoc|x64 = Ad-Hoc|x64
		Ad-Hoc|x86 = Ad-Hoc|x86
		AppStore|Any CPU = AppStore|Any CPU
		AppStore|ARM = AppStore|ARM
		AppStore|iPhone = AppStore|iPhone
		AppStore|iPhoneSimulator = AppStore|iPhoneSimulator
		AppStore|x64 = AppStore|x64
		AppStore|x86 = AppStore|x86
		Debug|Any CPU = Debug|Any CPU
		Debug|ARM = Debug|ARM
		Debug|iPhone = Debug|iPhone
		Debug|iPhoneSimulator = Debug|iPhoneSimulator
		Debug|x64 = Debug|x64
		Debug|x86 = Debug|x86
		Release|Any CPU = Release|Any CPU
		Release|ARM = Release|ARM
		Release|iPhone = Release|iPhone
		Release|iPhoneSimulator = Release|iPhoneSimulator
		Release|x64 = Release|x64
		Release|x86 = Release|x86
	EndGlobalSection
	GlobalSection(ProjectConfigurationPlatforms) = postSolution
		{1DBC6702-6456-40A2-B069-A8C5233889B5}.Ad-Hoc|Any CPU.ActiveCfg = Release|Any CPU
		{1DBC6702-6456-40A2-B069-A8C5233889B5}.Ad-Hoc|Any CPU.Build.0 = Release|Any CPU
		{1DBC6702-6456-40A2-B069-A8C5233889B5}.Ad-Hoc|Any CPU.Deploy.0 = Release|Any CPU
		{1DBC6702-6456-40A2-B069-A8C5233889B5}.Ad-Hoc|ARM.ActiveCfg = Release|Any CPU
		{1DBC6702-6456-40A2-B069-A8C5233889B5}.Ad-Hoc|ARM.Build.0 = Release|Any CPU
		{1DBC6702-6456-40A2-B069-A8C5233889B5}.Ad-Hoc|ARM.Deploy.0 = Release|Any CPU
		{1DBC6702-6456-40A2-B069-A8C5233889B5}.Ad-Hoc|iPhone.ActiveCfg = Release|Any CPU
		{1DBC6702-6456-40A2-B069-A8C5233889B5}.Ad-Hoc|iPhone.Build.0 = Release|Any CPU
		{1DBC6702-6456-40A2-B069-A8C5233889B5}.Ad-Hoc|iPhone.Deploy.0 = Release|Any CPU
		{1DBC6702-6456-40A2-B069-A8C5233889B5}.Ad-Hoc|iPhoneSimulator.ActiveCfg = Release|Any CPU
		{1DBC6702-6456-40A2-B069-A8C5233889B5}.Ad-Hoc|iPhoneSimulator.Build.0 = Release|Any CPU
		{1DBC6702-6456-40A2-B069-A8C5233889B5}.Ad-Hoc|iPhoneSimulator.Deploy.0 = Release|Any CPU
		{1DBC6702-6456-40A2-B069-A8C5233889B5}.Ad-Hoc|x64.ActiveCfg = Release|Any CPU
		{1DBC6702-6456-40A2-B069-A8C5233889B5}.Ad-Hoc|x64.Build.0 = Release|Any CPU
		{1DBC6702-6456-40A2-B069-A8C5233889B5}.Ad-Hoc|x64.Deploy.0 = Release|Any CPU
		{1DBC6702-6456-40A2-B069-A8C5233889B5}.Ad-Hoc|x86.ActiveCfg = Release|Any CPU
		{1DBC6702-6456-40A2-B069-A8C5233889B5}.Ad-Hoc|x86.Build.0 = Release|Any CPU
		{1DBC6702-6456-40A2-B069-A8C5233889B5}.Ad-Hoc|x86.Deploy.0 = Release|Any CPU
		{1DBC6702-6456-40A2-B069-A8C5233889B5}.AppStore|Any CPU.ActiveCfg = Release|Any CPU
		{1DBC6702-6456-40A2-B069-A8C5233889B5}.AppStore|Any CPU.Build.0 = Release|Any CPU
		{1DBC6702-6456-40A2-B069-A8C5233889B5}.AppStore|Any CPU.Deploy.0 = Release|Any CPU
		{1DBC6702-6456-40A2-B069-A8C5233889B5}.AppStore|ARM.ActiveCfg = Release|Any CPU
		{1DBC6702-6456-40A2-B069-A8C5233889B5}.AppStore|ARM.Build.0 = Release|Any CPU
		{1DBC6702-6456-40A2-B069-A8C5233889B5}.AppStore|ARM.Deploy.0 = Release|Any CPU
		{1DBC6702-6456-40A2-B069-A8C5233889B5}.AppStore|iPhone.ActiveCfg = Release|Any CPU
		{1DBC6702-6456-40A2-B069-A8C5233889B5}.AppStore|iPhone.Build.0 = Release|Any CPU
		{1DBC6702-6456-40A2-B069-A8C5233889B5}.AppStore|iPhone.Deploy.0 = Release|Any CPU
		{1DBC6702-6456-40A2-B069-A8C5233889B5}.AppStore|iPhoneSimulator.ActiveCfg = Release|Any CPU
		{1DBC6702-6456-40A2-B069-A8C5233889B5}.AppStore|iPhoneSimulator.Build.0 = Release|Any CPU
		{1DBC6702-6456-40A2-B069-A8C5233889B5}.AppStore|iPhoneSimulator.Deploy.0 = Release|Any CPU
		{1DBC6702-6456-40A2-B069-A8C5233889B5}.AppStore|x64.ActiveCfg = Release|Any CPU
		{1DBC6702-6456-40A2-B069-A8C5233889B5}.AppStore|x64.Build.0 = Release|Any CPU
		{1DBC6702-6456-40A2-B069-A8C5233889B5}.AppStore|x64.Deploy.0 = Release|Any CPU
		{1DBC6702-6456-40A2-B069-A8C5233889B5}.AppStore|x86.ActiveCfg = Release|Any CPU
		{1DBC6702-6456-40A2-B069-A8C5233889B5}.AppStore|x86.Build.0 = Release|Any CPU
		{1DBC6702-6456-40A2-B069-A8C5233889B5}.AppStore|x86.Deploy.0 = Release|Any CPU
		{1DBC6702-6456-40A2-B069-A8C5233889B5}.Debug|Any CPU.ActiveCfg = Debug|Any CPU
		{1DBC6702-6456-40A2-B069-A8C5233889B5}.Debug|Any CPU.Build.0 = Debug|Any CPU
		{1DBC6702-6456-40A2-B069-A8C5233889B5}.Debug|Any CPU.Deploy.0 = Debug|Any CPU
		{1DBC6702-6456-40A2-B069-A8C5233889B5}.Debug|ARM.ActiveCfg = Debug|Any CPU
		{1DBC6702-6456-40A2-B069-A8C5233889B5}.Debug|ARM.Build.0 = Debug|Any CPU
		{1DBC6702-6456-40A2-B069-A8C5233889B5}.Debug|ARM.Deploy.0 = Debug|Any CPU
		{1DBC6702-6456-40A2-B069-A8C5233889B5}.Debug|iPhone.ActiveCfg = Debug|Any CPU
		{1DBC6702-6456-40A2-B069-A8C5233889B5}.Debug|iPhone.Build.0 = Debug|Any CPU
		{1DBC6702-6456-40A2-B069-A8C5233889B5}.Debug|iPhone.Deploy.0 = Debug|Any CPU
		{1DBC6702-6456-40A2-B069-A8C5233889B5}.Debug|iPhoneSimulator.ActiveCfg = Debug|Any CPU
		{1DBC6702-6456-40A2-B069-A8C5233889B5}.Debug|iPhoneSimulator.Build.0 = Debug|Any CPU
		{1DBC6702-6456-40A2-B069-A8C5233889B5}.Debug|iPhoneSimulator.Deploy.0 = Debug|Any CPU
		{1DBC6702-6456-40A2-B069-A8C5233889B5}.Debug|x64.ActiveCfg = Debug|Any CPU
		{1DBC6702-6456-40A2-B069-A8C5233889B5}.Debug|x64.Build.0 = Debug|Any CPU
		{1DBC6702-6456-40A2-B069-A8C5233889B5}.Debug|x64.Deploy.0 = Debug|Any CPU
		{1DBC6702-6456-40A2-B069-A8C5233889B5}.Debug|x86.ActiveCfg = Debug|Any CPU
		{1DBC6702-6456-40A2-B069-A8C5233889B5}.Debug|x86.Build.0 = Debug|Any CPU
		{1DBC6702-6456-40A2-B069-A8C5233889B5}.Debug|x86.Deploy.0 = Debug|Any CPU
		{1DBC6702-6456-40A2-B069-A8C5233889B5}.Release|Any CPU.ActiveCfg = Release|Any CPU
		{1DBC6702-6456-40A2-B069-A8C5233889B5}.Release|Any CPU.Build.0 = Release|Any CPU
		{1DBC6702-6456-40A2-B069-A8C5233889B5}.Release|Any CPU.Deploy.0 = Release|Any CPU
		{1DBC6702-6456-40A2-B069-A8C5233889B5}.Release|ARM.ActiveCfg = Release|Any CPU
		{1DBC6702-6456-40A2-B069-A8C5233889B5}.Release|ARM.Build.0 = Release|Any CPU
		{1DBC6702-6456-40A2-B069-A8C5233889B5}.Release|ARM.Deploy.0 = Release|Any CPU
		{1DBC6702-6456-40A2-B069-A8C5233889B5}.Release|iPhone.ActiveCfg = Release|Any CPU
		{1DBC6702-6456-40A2-B069-A8C5233889B5}.Release|iPhone.Build.0 = Release|Any CPU
		{1DBC6702-6456-40A2-B069-A8C5233889B5}.Release|iPhone.Deploy.0 = Release|Any CPU
		{1DBC6702-6456-40A2-B069-A8C5233889B5}.Release|iPhoneSimulator.ActiveCfg = Release|Any CPU
		{1DBC6702-6456-40A2-B069-A8C5233889B5}.Release|iPhoneSimulator.Build.0 = Release|Any CPU
		{1DBC6702-6456-40A2-B069-A8C5233889B5}.Release|iPhoneSimulator.Deploy.0 = Release|Any CPU
		{1DBC6702-6456-40A2-B069-A8C5233889B5}.Release|x64.ActiveCfg = Release|Any CPU
		{1DBC6702-6456-40A2-B069-A8C5233889B5}.Release|x64.Build.0 = Release|Any CPU
		{1DBC6702-6456-40A2-B069-A8C5233889B5}.Release|x64.Deploy.0 = Release|Any CPU
		{1DBC6702-6456-40A2-B069-A8C5233889B5}.Release|x86.ActiveCfg = Release|Any CPU
		{1DBC6702-6456-40A2-B069-A8C5233889B5}.Release|x86.Build.0 = Release|Any CPU
		{1DBC6702-6456-40A2-B069-A8C5233889B5}.Release|x86.Deploy.0 = Release|Any CPU
		{13646884-2EE0-4DBA-B3F1-A44EE54F86B5}.Ad-Hoc|Any CPU.ActiveCfg = Ad-Hoc|iPhone
		{13646884-2EE0-4DBA-B3F1-A44EE54F86B5}.Ad-Hoc|Any CPU.Build.0 = Ad-Hoc|iPhone
		{13646884-2EE0-4DBA-B3F1-A44EE54F86B5}.Ad-Hoc|Any CPU.Deploy.0 = Ad-Hoc|iPhone
		{13646884-2EE0-4DBA-B3F1-A44EE54F86B5}.Ad-Hoc|ARM.ActiveCfg = Ad-Hoc|iPhone
		{13646884-2EE0-4DBA-B3F1-A44EE54F86B5}.Ad-Hoc|ARM.Build.0 = Ad-Hoc|iPhone
		{13646884-2EE0-4DBA-B3F1-A44EE54F86B5}.Ad-Hoc|ARM.Deploy.0 = Ad-Hoc|iPhone
		{13646884-2EE0-4DBA-B3F1-A44EE54F86B5}.Ad-Hoc|iPhone.ActiveCfg = Ad-Hoc|iPhone
		{13646884-2EE0-4DBA-B3F1-A44EE54F86B5}.Ad-Hoc|iPhone.Build.0 = Ad-Hoc|iPhone
		{13646884-2EE0-4DBA-B3F1-A44EE54F86B5}.Ad-Hoc|iPhone.Deploy.0 = Ad-Hoc|iPhone
		{13646884-2EE0-4DBA-B3F1-A44EE54F86B5}.Ad-Hoc|iPhoneSimulator.ActiveCfg = Ad-Hoc|iPhoneSimulator
		{13646884-2EE0-4DBA-B3F1-A44EE54F86B5}.Ad-Hoc|iPhoneSimulator.Build.0 = Ad-Hoc|iPhoneSimulator
		{13646884-2EE0-4DBA-B3F1-A44EE54F86B5}.Ad-Hoc|iPhoneSimulator.Deploy.0 = Ad-Hoc|iPhoneSimulator
		{13646884-2EE0-4DBA-B3F1-A44EE54F86B5}.Ad-Hoc|x64.ActiveCfg = Ad-Hoc|iPhone
		{13646884-2EE0-4DBA-B3F1-A44EE54F86B5}.Ad-Hoc|x64.Build.0 = Ad-Hoc|iPhone
		{13646884-2EE0-4DBA-B3F1-A44EE54F86B5}.Ad-Hoc|x64.Deploy.0 = Ad-Hoc|iPhone
		{13646884-2EE0-4DBA-B3F1-A44EE54F86B5}.Ad-Hoc|x86.ActiveCfg = Ad-Hoc|iPhone
		{13646884-2EE0-4DBA-B3F1-A44EE54F86B5}.Ad-Hoc|x86.Build.0 = Ad-Hoc|iPhone
		{13646884-2EE0-4DBA-B3F1-A44EE54F86B5}.Ad-Hoc|x86.Deploy.0 = Ad-Hoc|iPhone
		{13646884-2EE0-4DBA-B3F1-A44EE54F86B5}.AppStore|Any CPU.ActiveCfg = AppStore|iPhone
		{13646884-2EE0-4DBA-B3F1-A44EE54F86B5}.AppStore|Any CPU.Build.0 = AppStore|iPhone
		{13646884-2EE0-4DBA-B3F1-A44EE54F86B5}.AppStore|Any CPU.Deploy.0 = AppStore|iPhone
		{13646884-2EE0-4DBA-B3F1-A44EE54F86B5}.AppStore|ARM.ActiveCfg = AppStore|iPhone
		{13646884-2EE0-4DBA-B3F1-A44EE54F86B5}.AppStore|ARM.Build.0 = AppStore|iPhone
		{13646884-2EE0-4DBA-B3F1-A44EE54F86B5}.AppStore|ARM.Deploy.0 = AppStore|iPhone
		{13646884-2EE0-4DBA-B3F1-A44EE54F86B5}.AppStore|iPhone.ActiveCfg = AppStore|iPhone
		{13646884-2EE0-4DBA-B3F1-A44EE54F86B5}.AppStore|iPhone.Build.0 = AppStore|iPhone
		{13646884-2EE0-4DBA-B3F1-A44EE54F86B5}.AppStore|iPhone.Deploy.0 = AppStore|iPhone
		{13646884-2EE0-4DBA-B3F1-A44EE54F86B5}.AppStore|iPhoneSimulator.ActiveCfg = AppStore|iPhoneSimulator
		{13646884-2EE0-4DBA-B3F1-A44EE54F86B5}.AppStore|iPhoneSimulator.Build.0 = AppStore|iPhoneSimulator
		{13646884-2EE0-4DBA-B3F1-A44EE54F86B5}.AppStore|iPhoneSimulator.Deploy.0 = AppStore|iPhoneSimulator
		{13646884-2EE0-4DBA-B3F1-A44EE54F86B5}.AppStore|x64.ActiveCfg = AppStore|iPhone
		{13646884-2EE0-4DBA-B3F1-A44EE54F86B5}.AppStore|x64.Build.0 = AppStore|iPhone
		{13646884-2EE0-4DBA-B3F1-A44EE54F86B5}.AppStore|x64.Deploy.0 = AppStore|iPhone
		{13646884-2EE0-4DBA-B3F1-A44EE54F86B5}.AppStore|x86.ActiveCfg = AppStore|iPhone
		{13646884-2EE0-4DBA-B3F1-A44EE54F86B5}.AppStore|x86.Build.0 = AppStore|iPhone
		{13646884-2EE0-4DBA-B3F1-A44EE54F86B5}.AppStore|x86.Deploy.0 = AppStore|iPhone
		{13646884-2EE0-4DBA-B3F1-A44EE54F86B5}.Debug|Any CPU.ActiveCfg = Debug|iPhoneSimulator
		{13646884-2EE0-4DBA-B3F1-A44EE54F86B5}.Debug|Any CPU.Build.0 = Debug|iPhoneSimulator
		{13646884-2EE0-4DBA-B3F1-A44EE54F86B5}.Debug|Any CPU.Deploy.0 = Debug|iPhoneSimulator
		{13646884-2EE0-4DBA-B3F1-A44EE54F86B5}.Debug|ARM.ActiveCfg = Debug|iPhone
		{13646884-2EE0-4DBA-B3F1-A44EE54F86B5}.Debug|ARM.Build.0 = Debug|iPhone
		{13646884-2EE0-4DBA-B3F1-A44EE54F86B5}.Debug|ARM.Deploy.0 = Debug|iPhone
		{13646884-2EE0-4DBA-B3F1-A44EE54F86B5}.Debug|iPhone.ActiveCfg = Debug|iPhone
		{13646884-2EE0-4DBA-B3F1-A44EE54F86B5}.Debug|iPhone.Build.0 = Debug|iPhone
		{13646884-2EE0-4DBA-B3F1-A44EE54F86B5}.Debug|iPhone.Deploy.0 = Debug|iPhone
		{13646884-2EE0-4DBA-B3F1-A44EE54F86B5}.Debug|iPhoneSimulator.ActiveCfg = Debug|iPhoneSimulator
		{13646884-2EE0-4DBA-B3F1-A44EE54F86B5}.Debug|iPhoneSimulator.Build.0 = Debug|iPhoneSimulator
		{13646884-2EE0-4DBA-B3F1-A44EE54F86B5}.Debug|iPhoneSimulator.Deploy.0 = Debug|iPhoneSimulator
		{13646884-2EE0-4DBA-B3F1-A44EE54F86B5}.Debug|x64.ActiveCfg = Debug|iPhone
		{13646884-2EE0-4DBA-B3F1-A44EE54F86B5}.Debug|x64.Build.0 = Debug|iPhone
		{13646884-2EE0-4DBA-B3F1-A44EE54F86B5}.Debug|x64.Deploy.0 = Debug|iPhone
		{13646884-2EE0-4DBA-B3F1-A44EE54F86B5}.Debug|x86.ActiveCfg = Debug|iPhone
		{13646884-2EE0-4DBA-B3F1-A44EE54F86B5}.Debug|x86.Build.0 = Debug|iPhone
		{13646884-2EE0-4DBA-B3F1-A44EE54F86B5}.Debug|x86.Deploy.0 = Debug|iPhone
		{13646884-2EE0-4DBA-B3F1-A44EE54F86B5}.Release|Any CPU.ActiveCfg = Release|iPhone
		{13646884-2EE0-4DBA-B3F1-A44EE54F86B5}.Release|Any CPU.Build.0 = Release|iPhone
		{13646884-2EE0-4DBA-B3F1-A44EE54F86B5}.Release|Any CPU.Deploy.0 = Release|iPhone
		{13646884-2EE0-4DBA-B3F1-A44EE54F86B5}.Release|ARM.ActiveCfg = Release|iPhone
		{13646884-2EE0-4DBA-B3F1-A44EE54F86B5}.Release|ARM.Build.0 = Release|iPhone
		{13646884-2EE0-4DBA-B3F1-A44EE54F86B5}.Release|ARM.Deploy.0 = Release|iPhone
		{13646884-2EE0-4DBA-B3F1-A44EE54F86B5}.Release|iPhone.ActiveCfg = Release|iPhone
		{13646884-2EE0-4DBA-B3F1-A44EE54F86B5}.Release|iPhone.Build.0 = Release|iPhone
		{13646884-2EE0-4DBA-B3F1-A44EE54F86B5}.Release|iPhone.Deploy.0 = Release|iPhone
		{13646884-2EE0-4DBA-B3F1-A44EE54F86B5}.Release|iPhoneSimulator.ActiveCfg = Release|iPhoneSimulator
		{13646884-2EE0-4DBA-B3F1-A44EE54F86B5}.Release|iPhoneSimulator.Build.0 = Release|iPhoneSimulator
		{13646884-2EE0-4DBA-B3F1-A44EE54F86B5}.Release|iPhoneSimulator.Deploy.0 = Release|iPhoneSimulator
		{13646884-2EE0-4DBA-B3F1-A44EE54F86B5}.Release|x64.ActiveCfg = Release|iPhone
		{13646884-2EE0-4DBA-B3F1-A44EE54F86B5}.Release|x64.Build.0 = Release|iPhone
		{13646884-2EE0-4DBA-B3F1-A44EE54F86B5}.Release|x64.Deploy.0 = Release|iPhone
		{13646884-2EE0-4DBA-B3F1-A44EE54F86B5}.Release|x86.ActiveCfg = Release|iPhone
		{13646884-2EE0-4DBA-B3F1-A44EE54F86B5}.Release|x86.Build.0 = Release|iPhone
		{13646884-2EE0-4DBA-B3F1-A44EE54F86B5}.Release|x86.Deploy.0 = Release|iPhone
		{A216AA4A-C9A1-4DF0-ACE1-24B4EBA0ECFC}.Ad-Hoc|Any CPU.ActiveCfg = Release|x86
		{A216AA4A-C9A1-4DF0-ACE1-24B4EBA0ECFC}.Ad-Hoc|Any CPU.Build.0 = Release|x86
		{A216AA4A-C9A1-4DF0-ACE1-24B4EBA0ECFC}.Ad-Hoc|Any CPU.Deploy.0 = Release|x86
		{A216AA4A-C9A1-4DF0-ACE1-24B4EBA0ECFC}.Ad-Hoc|ARM.ActiveCfg = Release|ARM
		{A216AA4A-C9A1-4DF0-ACE1-24B4EBA0ECFC}.Ad-Hoc|ARM.Build.0 = Release|ARM
		{A216AA4A-C9A1-4DF0-ACE1-24B4EBA0ECFC}.Ad-Hoc|ARM.Deploy.0 = Release|ARM
		{A216AA4A-C9A1-4DF0-ACE1-24B4EBA0ECFC}.Ad-Hoc|iPhone.ActiveCfg = Release|x86
		{A216AA4A-C9A1-4DF0-ACE1-24B4EBA0ECFC}.Ad-Hoc|iPhone.Build.0 = Release|x86
		{A216AA4A-C9A1-4DF0-ACE1-24B4EBA0ECFC}.Ad-Hoc|iPhone.Deploy.0 = Release|x86
		{A216AA4A-C9A1-4DF0-ACE1-24B4EBA0ECFC}.Ad-Hoc|iPhoneSimulator.ActiveCfg = Release|x86
		{A216AA4A-C9A1-4DF0-ACE1-24B4EBA0ECFC}.Ad-Hoc|iPhoneSimulator.Build.0 = Release|x86
		{A216AA4A-C9A1-4DF0-ACE1-24B4EBA0ECFC}.Ad-Hoc|iPhoneSimulator.Deploy.0 = Release|x86
		{A216AA4A-C9A1-4DF0-ACE1-24B4EBA0ECFC}.Ad-Hoc|x64.ActiveCfg = Release|x64
		{A216AA4A-C9A1-4DF0-ACE1-24B4EBA0ECFC}.Ad-Hoc|x64.Build.0 = Release|x64
		{A216AA4A-C9A1-4DF0-ACE1-24B4EBA0ECFC}.Ad-Hoc|x64.Deploy.0 = Release|x64
		{A216AA4A-C9A1-4DF0-ACE1-24B4EBA0ECFC}.Ad-Hoc|x86.ActiveCfg = Release|x86
		{A216AA4A-C9A1-4DF0-ACE1-24B4EBA0ECFC}.Ad-Hoc|x86.Build.0 = Release|x86
		{A216AA4A-C9A1-4DF0-ACE1-24B4EBA0ECFC}.Ad-Hoc|x86.Deploy.0 = Release|x86
		{A216AA4A-C9A1-4DF0-ACE1-24B4EBA0ECFC}.AppStore|Any CPU.ActiveCfg = Release|x86
		{A216AA4A-C9A1-4DF0-ACE1-24B4EBA0ECFC}.AppStore|Any CPU.Build.0 = Release|x86
		{A216AA4A-C9A1-4DF0-ACE1-24B4EBA0ECFC}.AppStore|Any CPU.Deploy.0 = Release|x86
		{A216AA4A-C9A1-4DF0-ACE1-24B4EBA0ECFC}.AppStore|ARM.ActiveCfg = Release|ARM
		{A216AA4A-C9A1-4DF0-ACE1-24B4EBA0ECFC}.AppStore|ARM.Build.0 = Release|ARM
		{A216AA4A-C9A1-4DF0-ACE1-24B4EBA0ECFC}.AppStore|ARM.Deploy.0 = Release|ARM
		{A216AA4A-C9A1-4DF0-ACE1-24B4EBA0ECFC}.AppStore|iPhone.ActiveCfg = Release|x86
		{A216AA4A-C9A1-4DF0-ACE1-24B4EBA0ECFC}.AppStore|iPhone.Build.0 = Release|x86
		{A216AA4A-C9A1-4DF0-ACE1-24B4EBA0ECFC}.AppStore|iPhone.Deploy.0 = Release|x86
		{A216AA4A-C9A1-4DF0-ACE1-24B4EBA0ECFC}.AppStore|iPhoneSimulator.ActiveCfg = Release|x86
		{A216AA4A-C9A1-4DF0-ACE1-24B4EBA0ECFC}.AppStore|iPhoneSimulator.Build.0 = Release|x86
		{A216AA4A-C9A1-4DF0-ACE1-24B4EBA0ECFC}.AppStore|iPhoneSimulator.Deploy.0 = Release|x86
		{A216AA4A-C9A1-4DF0-ACE1-24B4EBA0ECFC}.AppStore|x64.ActiveCfg = Release|x64
		{A216AA4A-C9A1-4DF0-ACE1-24B4EBA0ECFC}.AppStore|x64.Build.0 = Release|x64
		{A216AA4A-C9A1-4DF0-ACE1-24B4EBA0ECFC}.AppStore|x64.Deploy.0 = Release|x64
		{A216AA4A-C9A1-4DF0-ACE1-24B4EBA0ECFC}.AppStore|x86.ActiveCfg = Release|x86
		{A216AA4A-C9A1-4DF0-ACE1-24B4EBA0ECFC}.AppStore|x86.Build.0 = Release|x86
		{A216AA4A-C9A1-4DF0-ACE1-24B4EBA0ECFC}.AppStore|x86.Deploy.0 = Release|x86
		{A216AA4A-C9A1-4DF0-ACE1-24B4EBA0ECFC}.Debug|Any CPU.ActiveCfg = Debug|x86
		{A216AA4A-C9A1-4DF0-ACE1-24B4EBA0ECFC}.Debug|Any CPU.Build.0 = Debug|x86
		{A216AA4A-C9A1-4DF0-ACE1-24B4EBA0ECFC}.Debug|Any CPU.Deploy.0 = Debug|x86
		{A216AA4A-C9A1-4DF0-ACE1-24B4EBA0ECFC}.Debug|ARM.ActiveCfg = Debug|ARM
		{A216AA4A-C9A1-4DF0-ACE1-24B4EBA0ECFC}.Debug|ARM.Build.0 = Debug|ARM
		{A216AA4A-C9A1-4DF0-ACE1-24B4EBA0ECFC}.Debug|ARM.Deploy.0 = Debug|ARM
		{A216AA4A-C9A1-4DF0-ACE1-24B4EBA0ECFC}.Debug|iPhone.ActiveCfg = Debug|x86
		{A216AA4A-C9A1-4DF0-ACE1-24B4EBA0ECFC}.Debug|iPhone.Build.0 = Debug|x86
		{A216AA4A-C9A1-4DF0-ACE1-24B4EBA0ECFC}.Debug|iPhone.Deploy.0 = Debug|x86
		{A216AA4A-C9A1-4DF0-ACE1-24B4EBA0ECFC}.Debug|iPhoneSimulator.ActiveCfg = Debug|x86
		{A216AA4A-C9A1-4DF0-ACE1-24B4EBA0ECFC}.Debug|iPhoneSimulator.Build.0 = Debug|x86
		{A216AA4A-C9A1-4DF0-ACE1-24B4EBA0ECFC}.Debug|iPhoneSimulator.Deploy.0 = Debug|x86
		{A216AA4A-C9A1-4DF0-ACE1-24B4EBA0ECFC}.Debug|x64.ActiveCfg = Debug|x64
		{A216AA4A-C9A1-4DF0-ACE1-24B4EBA0ECFC}.Debug|x64.Build.0 = Debug|x64
		{A216AA4A-C9A1-4DF0-ACE1-24B4EBA0ECFC}.Debug|x64.Deploy.0 = Debug|x64
		{A216AA4A-C9A1-4DF0-ACE1-24B4EBA0ECFC}.Debug|x86.ActiveCfg = Debug|x86
		{A216AA4A-C9A1-4DF0-ACE1-24B4EBA0ECFC}.Debug|x86.Build.0 = Debug|x86
		{A216AA4A-C9A1-4DF0-ACE1-24B4EBA0ECFC}.Debug|x86.Deploy.0 = Debug|x86
		{A216AA4A-C9A1-4DF0-ACE1-24B4EBA0ECFC}.Release|Any CPU.ActiveCfg = Release|x86
		{A216AA4A-C9A1-4DF0-ACE1-24B4EBA0ECFC}.Release|Any CPU.Build.0 = Release|x86
		{A216AA4A-C9A1-4DF0-ACE1-24B4EBA0ECFC}.Release|Any CPU.Deploy.0 = Release|x86
		{A216AA4A-C9A1-4DF0-ACE1-24B4EBA0ECFC}.Release|ARM.ActiveCfg = Release|ARM
		{A216AA4A-C9A1-4DF0-ACE1-24B4EBA0ECFC}.Release|ARM.Build.0 = Release|ARM
		{A216AA4A-C9A1-4DF0-ACE1-24B4EBA0ECFC}.Release|ARM.Deploy.0 = Release|ARM
		{A216AA4A-C9A1-4DF0-ACE1-24B4EBA0ECFC}.Release|iPhone.ActiveCfg = Release|x86
		{A216AA4A-C9A1-4DF0-ACE1-24B4EBA0ECFC}.Release|iPhone.Build.0 = Release|x86
		{A216AA4A-C9A1-4DF0-ACE1-24B4EBA0ECFC}.Release|iPhone.Deploy.0 = Release|x86
		{A216AA4A-C9A1-4DF0-ACE1-24B4EBA0ECFC}.Release|iPhoneSimulator.ActiveCfg = Release|x86
		{A216AA4A-C9A1-4DF0-ACE1-24B4EBA0ECFC}.Release|iPhoneSimulator.Build.0 = Release|x86
		{A216AA4A-C9A1-4DF0-ACE1-24B4EBA0ECFC}.Release|iPhoneSimulator.Deploy.0 = Release|x86
		{A216AA4A-C9A1-4DF0-ACE1-24B4EBA0ECFC}.Release|x64.ActiveCfg = Release|x64
		{A216AA4A-C9A1-4DF0-ACE1-24B4EBA0ECFC}.Release|x64.Build.0 = Release|x64
		{A216AA4A-C9A1-4DF0-ACE1-24B4EBA0ECFC}.Release|x64.Deploy.0 = Release|x64
		{A216AA4A-C9A1-4DF0-ACE1-24B4EBA0ECFC}.Release|x86.ActiveCfg = Release|x86
		{A216AA4A-C9A1-4DF0-ACE1-24B4EBA0ECFC}.Release|x86.Build.0 = Release|x86
		{A216AA4A-C9A1-4DF0-ACE1-24B4EBA0ECFC}.Release|x86.Deploy.0 = Release|x86
		{1A776D03-C90B-4429-A07B-1873FBE44C2C}.Ad-Hoc|Any CPU.ActiveCfg = Debug|Any CPU
		{1A776D03-C90B-4429-A07B-1873FBE44C2C}.Ad-Hoc|Any CPU.Build.0 = Debug|Any CPU
		{1A776D03-C90B-4429-A07B-1873FBE44C2C}.Ad-Hoc|Any CPU.Deploy.0 = Debug|Any CPU
		{1A776D03-C90B-4429-A07B-1873FBE44C2C}.Ad-Hoc|ARM.ActiveCfg = Debug|Any CPU
		{1A776D03-C90B-4429-A07B-1873FBE44C2C}.Ad-Hoc|ARM.Build.0 = Debug|Any CPU
		{1A776D03-C90B-4429-A07B-1873FBE44C2C}.Ad-Hoc|ARM.Deploy.0 = Debug|Any CPU
		{1A776D03-C90B-4429-A07B-1873FBE44C2C}.Ad-Hoc|iPhone.ActiveCfg = Debug|Any CPU
		{1A776D03-C90B-4429-A07B-1873FBE44C2C}.Ad-Hoc|iPhone.Build.0 = Debug|Any CPU
		{1A776D03-C90B-4429-A07B-1873FBE44C2C}.Ad-Hoc|iPhone.Deploy.0 = Debug|Any CPU
		{1A776D03-C90B-4429-A07B-1873FBE44C2C}.Ad-Hoc|iPhoneSimulator.ActiveCfg = Debug|Any CPU
		{1A776D03-C90B-4429-A07B-1873FBE44C2C}.Ad-Hoc|iPhoneSimulator.Build.0 = Debug|Any CPU
		{1A776D03-C90B-4429-A07B-1873FBE44C2C}.Ad-Hoc|iPhoneSimulator.Deploy.0 = Debug|Any CPU
		{1A776D03-C90B-4429-A07B-1873FBE44C2C}.Ad-Hoc|x64.ActiveCfg = Debug|Any CPU
		{1A776D03-C90B-4429-A07B-1873FBE44C2C}.Ad-Hoc|x64.Build.0 = Debug|Any CPU
		{1A776D03-C90B-4429-A07B-1873FBE44C2C}.Ad-Hoc|x64.Deploy.0 = Debug|Any CPU
		{1A776D03-C90B-4429-A07B-1873FBE44C2C}.Ad-Hoc|x86.ActiveCfg = Debug|Any CPU
		{1A776D03-C90B-4429-A07B-1873FBE44C2C}.Ad-Hoc|x86.Build.0 = Debug|Any CPU
		{1A776D03-C90B-4429-A07B-1873FBE44C2C}.Ad-Hoc|x86.Deploy.0 = Debug|Any CPU
		{1A776D03-C90B-4429-A07B-1873FBE44C2C}.AppStore|Any CPU.ActiveCfg = Debug|Any CPU
		{1A776D03-C90B-4429-A07B-1873FBE44C2C}.AppStore|Any CPU.Build.0 = Debug|Any CPU
		{1A776D03-C90B-4429-A07B-1873FBE44C2C}.AppStore|Any CPU.Deploy.0 = Debug|Any CPU
		{1A776D03-C90B-4429-A07B-1873FBE44C2C}.AppStore|ARM.ActiveCfg = Debug|Any CPU
		{1A776D03-C90B-4429-A07B-1873FBE44C2C}.AppStore|ARM.Build.0 = Debug|Any CPU
		{1A776D03-C90B-4429-A07B-1873FBE44C2C}.AppStore|ARM.Deploy.0 = Debug|Any CPU
		{1A776D03-C90B-4429-A07B-1873FBE44C2C}.AppStore|iPhone.ActiveCfg = Debug|Any CPU
		{1A776D03-C90B-4429-A07B-1873FBE44C2C}.AppStore|iPhone.Build.0 = Debug|Any CPU
		{1A776D03-C90B-4429-A07B-1873FBE44C2C}.AppStore|iPhone.Deploy.0 = Debug|Any CPU
		{1A776D03-C90B-4429-A07B-1873FBE44C2C}.AppStore|iPhoneSimulator.ActiveCfg = Debug|Any CPU
		{1A776D03-C90B-4429-A07B-1873FBE44C2C}.AppStore|iPhoneSimulator.Build.0 = Debug|Any CPU
		{1A776D03-C90B-4429-A07B-1873FBE44C2C}.AppStore|iPhoneSimulator.Deploy.0 = Debug|Any CPU
		{1A776D03-C90B-4429-A07B-1873FBE44C2C}.AppStore|x64.ActiveCfg = Debug|Any CPU
		{1A776D03-C90B-4429-A07B-1873FBE44C2C}.AppStore|x64.Build.0 = Debug|Any CPU
		{1A776D03-C90B-4429-A07B-1873FBE44C2C}.AppStore|x64.Deploy.0 = Debug|Any CPU
		{1A776D03-C90B-4429-A07B-1873FBE44C2C}.AppStore|x86.ActiveCfg = Debug|Any CPU
		{1A776D03-C90B-4429-A07B-1873FBE44C2C}.AppStore|x86.Build.0 = Debug|Any CPU
		{1A776D03-C90B-4429-A07B-1873FBE44C2C}.AppStore|x86.Deploy.0 = Debug|Any CPU
		{1A776D03-C90B-4429-A07B-1873FBE44C2C}.Debug|Any CPU.ActiveCfg = Debug|Any CPU
		{1A776D03-C90B-4429-A07B-1873FBE44C2C}.Debug|Any CPU.Build.0 = Debug|Any CPU
		{1A776D03-C90B-4429-A07B-1873FBE44C2C}.Debug|Any CPU.Deploy.0 = Debug|Any CPU
		{1A776D03-C90B-4429-A07B-1873FBE44C2C}.Debug|ARM.ActiveCfg = Debug|Any CPU
		{1A776D03-C90B-4429-A07B-1873FBE44C2C}.Debug|ARM.Build.0 = Debug|Any CPU
		{1A776D03-C90B-4429-A07B-1873FBE44C2C}.Debug|ARM.Deploy.0 = Debug|Any CPU
		{1A776D03-C90B-4429-A07B-1873FBE44C2C}.Debug|iPhone.ActiveCfg = Debug|Any CPU
		{1A776D03-C90B-4429-A07B-1873FBE44C2C}.Debug|iPhone.Build.0 = Debug|Any CPU
		{1A776D03-C90B-4429-A07B-1873FBE44C2C}.Debug|iPhone.Deploy.0 = Debug|Any CPU
		{1A776D03-C90B-4429-A07B-1873FBE44C2C}.Debug|iPhoneSimulator.ActiveCfg = Debug|Any CPU
		{1A776D03-C90B-4429-A07B-1873FBE44C2C}.Debug|iPhoneSimulator.Build.0 = Debug|Any CPU
		{1A776D03-C90B-4429-A07B-1873FBE44C2C}.Debug|iPhoneSimulator.Deploy.0 = Debug|Any CPU
		{1A776D03-C90B-4429-A07B-1873FBE44C2C}.Debug|x64.ActiveCfg = Debug|Any CPU
		{1A776D03-C90B-4429-A07B-1873FBE44C2C}.Debug|x64.Build.0 = Debug|Any CPU
		{1A776D03-C90B-4429-A07B-1873FBE44C2C}.Debug|x64.Deploy.0 = Debug|Any CPU
		{1A776D03-C90B-4429-A07B-1873FBE44C2C}.Debug|x86.ActiveCfg = Debug|Any CPU
		{1A776D03-C90B-4429-A07B-1873FBE44C2C}.Debug|x86.Build.0 = Debug|Any CPU
		{1A776D03-C90B-4429-A07B-1873FBE44C2C}.Debug|x86.Deploy.0 = Debug|Any CPU
		{1A776D03-C90B-4429-A07B-1873FBE44C2C}.Release|Any CPU.ActiveCfg = Release|Any CPU
		{1A776D03-C90B-4429-A07B-1873FBE44C2C}.Release|Any CPU.Build.0 = Release|Any CPU
		{1A776D03-C90B-4429-A07B-1873FBE44C2C}.Release|Any CPU.Deploy.0 = Release|Any CPU
		{1A776D03-C90B-4429-A07B-1873FBE44C2C}.Release|ARM.ActiveCfg = Release|Any CPU
		{1A776D03-C90B-4429-A07B-1873FBE44C2C}.Release|ARM.Build.0 = Release|Any CPU
		{1A776D03-C90B-4429-A07B-1873FBE44C2C}.Release|ARM.Deploy.0 = Release|Any CPU
		{1A776D03-C90B-4429-A07B-1873FBE44C2C}.Release|iPhone.ActiveCfg = Release|Any CPU
		{1A776D03-C90B-4429-A07B-1873FBE44C2C}.Release|iPhone.Build.0 = Release|Any CPU
		{1A776D03-C90B-4429-A07B-1873FBE44C2C}.Release|iPhone.Deploy.0 = Release|Any CPU
		{1A776D03-C90B-4429-A07B-1873FBE44C2C}.Release|iPhoneSimulator.ActiveCfg = Release|Any CPU
		{1A776D03-C90B-4429-A07B-1873FBE44C2C}.Release|iPhoneSimulator.Build.0 = Release|Any CPU
		{1A776D03-C90B-4429-A07B-1873FBE44C2C}.Release|iPhoneSimulator.Deploy.0 = Release|Any CPU
		{1A776D03-C90B-4429-A07B-1873FBE44C2C}.Release|x64.ActiveCfg = Release|Any CPU
		{1A776D03-C90B-4429-A07B-1873FBE44C2C}.Release|x64.Build.0 = Release|Any CPU
		{1A776D03-C90B-4429-A07B-1873FBE44C2C}.Release|x64.Deploy.0 = Release|Any CPU
		{1A776D03-C90B-4429-A07B-1873FBE44C2C}.Release|x86.ActiveCfg = Release|Any CPU
		{1A776D03-C90B-4429-A07B-1873FBE44C2C}.Release|x86.Build.0 = Release|Any CPU
		{1A776D03-C90B-4429-A07B-1873FBE44C2C}.Release|x86.Deploy.0 = Release|Any CPU
	EndGlobalSection
	GlobalSection(SolutionProperties) = preSolution
		HideSolutionNode = FALSE
	EndGlobalSection
	GlobalSection(ExtensibilityGlobals) = postSolution
		SolutionGuid = {EE8CB233-5D91-4473-BE50-04FF5320E192}
	EndGlobalSection
EndGlobal
